Microsoft Visual Studio Solution File, Format Version 12.00
# Visual Studio 15
VisualStudioVersion = 15.0.26430.15
MinimumVisualStudioVersion = 10.0.40219.1
Project("{8BC9CEB8-8B4A-11D0-8D11-00A0C91BC942}") = "ALL_BUILD", "ALL_BUILD.vcxproj", "{F71EE192-84C9-3CA7-92D0-D410CBD633C7}"
	ProjectSection(ProjectDependencies) = postProject
		{00221496-45C2-3C88-8998-CB75DA52A9E0} = {00221496-45C2-3C88-8998-CB75DA52A9E0}
		{13D3557C-239F-3E93-A73A-FFBD876689FB} = {13D3557C-239F-3E93-A73A-FFBD876689FB}
		{E5958C47-7207-3E11-9D9B-0382A4789E09} = {E5958C47-7207-3E11-9D9B-0382A4789E09}
		{32A77B77-8933-3EF4-9318-A228EC424B9D} = {32A77B77-8933-3EF4-9318-A228EC424B9D}
		{9F60A0F0-84BF-3D93-B056-337BF565C442} = {9F60A0F0-84BF-3D93-B056-337BF565C442}
		{7AE9C08C-8A78-3F68-9DCC-879D27E7749E} = {7AE9C08C-8A78-3F68-9DCC-879D27E7749E}
	EndProjectSection
EndProject
Project("{8BC9CEB8-8B4A-11D0-8D11-00A0C91BC942}") = "INSTALL", "INSTALL.vcxproj", "{DD1022AF-B1BD-31F0-8596-17E94F35E1DA}"
	ProjectSection(ProjectDependencies) = postProject
		{F71EE192-84C9-3CA7-92D0-D410CBD633C7} = {F71EE192-84C9-3CA7-92D0-D410CBD633C7}
		{00221496-45C2-3C88-8998-CB75DA52A9E0} = {00221496-45C2-3C88-8998-CB75DA52A9E0}
	EndProjectSection
EndProject
Project("{8BC9CEB8-8B4A-11D0-8D11-00A0C91BC942}") = "ZERO_CHECK", "ZERO_CHECK.vcxproj", "{00221496-45C2-3C88-8998-CB75DA52A9E0}"
EndProject
Project("{8BC9CEB8-8B4A-11D0-8D11-00A0C91BC942}") = "common_util", "utilities\common_util.vcxproj", "{13D3557C-239F-3E93-A73A-FFBD876689FB}"
	ProjectSection(ProjectDependencies) = postProject
		{00221496-45C2-3C88-8998-CB75DA52A9E0} = {00221496-45C2-3C88-8998-CB75DA52A9E0}
	EndProjectSection
EndProject
Project("{8BC9CEB8-8B4A-11D0-8D11-00A0C91BC942}") = "nvcalib_sample", "samples\nvcalib_sample\nvcalib_sample.vcxproj", "{E5958C47-7207-3E11-9D9B-0382A4789E09}"
	ProjectSection(ProjectDependencies) = postProject
		{00221496-45C2-3C88-8998-CB75DA52A9E0} = {00221496-45C2-3C88-8998-CB75DA52A9E0}
		{13D3557C-239F-3E93-A73A-FFBD876689FB} = {13D3557C-239F-3E93-A73A-FFBD876689FB}
	EndProjectSection
EndProject
Project("{8BC9CEB8-8B4A-11D0-8D11-00A0C91BC942}") = "nvsf_sample", "samples\nvsf_sample\nvsf_sample.vcxproj", "{32A77B77-8933-3EF4-9318-A228EC424B9D}"
	ProjectSection(ProjectDependencies) = postProject
		{00221496-45C2-3C88-8998-CB75DA52A9E0} = {00221496-45C2-3C88-8998-CB75DA52A9E0}
	EndProjectSection
EndProject
Project("{8BC9CEB8-8B4A-11D0-8D11-00A0C91BC942}") = "nvss_sample", "samples\nvss_sample\nvss_sample.vcxproj", "{9F60A0F0-84BF-3D93-B056-337BF565C442}"
	ProjectSection(ProjectDependencies) = postProject
		{00221496-45C2-3C88-8998-CB75DA52A9E0} = {00221496-45C2-3C88-8998-CB75DA52A9E0}
		{13D3557C-239F-3E93-A73A-FFBD876689FB} = {13D3557C-239F-3E93-A73A-FFBD876689FB}
	EndProjectSection
EndProject
Project("{8BC9CEB8-8B4A-11D0-8D11-00A0C91BC942}") = "nvstitch_sample", "samples\nvstitch_sample\nvstitch_sample.vcxproj", "{7AE9C08C-8A78-3F68-9DCC-879D27E7749E}"
	ProjectSection(ProjectDependencies) = postProject
		{00221496-45C2-3C88-8998-CB75DA52A9E0} = {00221496-45C2-3C88-8998-CB75DA52A9E0}
		{13D3557C-239F-3E93-A73A-FFBD876689FB} = {13D3557C-239F-3E93-A73A-FFBD876689FB}
	EndProjectSection
EndProject
Global
	GlobalSection(SolutionConfigurationPlatforms) = preSolution
		Debug|x64 = Debug|x64
		Release|x64 = Release|x64
	EndGlobalSection
	GlobalSection(ProjectConfigurationPlatforms) = postSolution
		{F71EE192-84C9-3CA7-92D0-D410CBD633C7}.Debug|x64.ActiveCfg = Release|x64
		{F71EE192-84C9-3CA7-92D0-D410CBD633C7}.Debug|x64.Build.0 = Release|x64
		{F71EE192-84C9-3CA7-92D0-D410CBD633C7}.Release|x64.ActiveCfg = Release|x64
		{F71EE192-84C9-3CA7-92D0-D410CBD633C7}.Release|x64.Build.0 = Release|x64
		{DD1022AF-B1BD-31F0-8596-17E94F35E1DA}.Debug|x64.ActiveCfg = Release|x64
		{DD1022AF-B1BD-31F0-8596-17E94F35E1DA}.Debug|x64.Build.0 = Release|x64
		{DD1022AF-B1BD-31F0-8596-17E94F35E1DA}.Debug|x64.Deploy.0 = Release|x64
		{DD1022AF-B1BD-31F0-8596-17E94F35E1DA}.Release|x64.ActiveCfg = Release|x64
		{00221496-45C2-3C88-8998-CB75DA52A9E0}.Debug|x64.ActiveCfg = Release|x64
		{00221496-45C2-3C88-8998-CB75DA52A9E0}.Debug|x64.Build.0 = Release|x64
		{00221496-45C2-3C88-8998-CB75DA52A9E0}.Debug|x64.Deploy.0 = Release|x64
		{00221496-45C2-3C88-8998-CB75DA52A9E0}.Release|x64.ActiveCfg = Release|x64
		{00221496-45C2-3C88-8998-CB75DA52A9E0}.Release|x64.Build.0 = Release|x64
		{13D3557C-239F-3E93-A73A-FFBD876689FB}.Debug|x64.ActiveCfg = Release|x64
		{13D3557C-239F-3E93-A73A-FFBD876689FB}.Debug|x64.Build.0 = Release|x64
		{13D3557C-239F-3E93-A73A-FFBD876689FB}.Debug|x64.Deploy.0 = Release|x64
		{13D3557C-239F-3E93-A73A-FFBD876689FB}.Release|x64.ActiveCfg = Release|x64
		{13D3557C-239F-3E93-A73A-FFBD876689FB}.Release|x64.Build.0 = Release|x64
		{E5958C47-7207-3E11-9D9B-0382A4789E09}.Debug|x64.ActiveCfg = Release|x64
		{E5958C47-7207-3E11-9D9B-0382A4789E09}.Debug|x64.Build.0 = Release|x64
		{E5958C47-7207-3E11-9D9B-0382A4789E09}.Debug|x64.Deploy.0 = Release|x64
		{E5958C47-7207-3E11-9D9B-0382A4789E09}.Release|x64.ActiveCfg = Release|x64
		{E5958C47-7207-3E11-9D9B-0382A4789E09}.Release|x64.Build.0 = Release|x64
		{32A77B77-8933-3EF4-9318-A228EC424B9D}.Debug|x64.ActiveCfg = Release|x64
		{32A77B77-8933-3EF4-9318-A228EC424B9D}.Debug|x64.Build.0 = Release|x64
		{32A77B77-8933-3EF4-9318-A228EC424B9D}.Debug|x64.Deploy.0 = Release|x64
		{32A77B77-8933-3EF4-9318-A228EC424B9D}.Release|x64.ActiveCfg = Release|x64
		{32A77B77-8933-3EF4-9318-A228EC424B9D}.Release|x64.Build.0 = Release|x64
		{9F60A0F0-84BF-3D93-B056-337BF565C442}.Debug|x64.ActiveCfg = Release|x64
		{9F60A0F0-84BF-3D93-B056-337BF565C442}.Debug|x64.Build.0 = Release|x64
		{9F60A0F0-84BF-3D93-B056-337BF565C442}.Release|x64.ActiveCfg = Release|x64
		{9F60A0F0-84BF-3D93-B056-337BF565C442}.Release|x64.Build.0 = Release|x64
		{7AE9C08C-8A78-3F68-9DCC-879D27E7749E}.Debug|x64.ActiveCfg = Debug|x64
		{7AE9C08C-8A78-3F68-9DCC-879D27E7749E}.Debug|x64.Build.0 = Debug|x64
		{7AE9C08C-8A78-3F68-9DCC-879D27E7749E}.Release|x64.ActiveCfg = Release|x64
		{7AE9C08C-8A78-3F68-9DCC-879D27E7749E}.Release|x64.Build.0 = Release|x64
	EndGlobalSection
	GlobalSection(SolutionProperties) = preSolution
		HideSolutionNode = FALSE
	EndGlobalSection
EndGlobal
