<?xml version="1.0" encoding="UTF-8"?>
<Project ToolsVersion="15.0" xmlns="http://schemas.microsoft.com/developer/msbuild/2003">
  <ItemGroup>
    <ClCompile Include="D:\ProjectsBackUp\vrwork360\samples\nvcalib_sample\nvcalib_sample_app.cpp">
      <Filter>Source Files</Filter>
    </ClCompile>
  </ItemGroup>
  <ItemGroup>
    <CustomBuild Include="D:\ProjectsBackUp\vrwork360\samples\nvcalib_sample\CMakeLists.txt" />
  </ItemGroup>
  <ItemGroup>
    <Filter Include="Source Files">
      <UniqueIdentifier>{51394793-27DA-3597-8C19-1A28FD2559DD}</UniqueIdentifier>
    </Filter>
  </ItemGroup>
</Project>
