<?xml version="1.0" encoding="UTF-8"?>
<Project ToolsVersion="15.0" xmlns="http://schemas.microsoft.com/developer/msbuild/2003">
  <ItemGroup>
    <ClCompile Include="D:\ProjectsBackUp\vrwork360\samples\nvsf_sample\nvsf_sample.cpp">
      <Filter>Source Files</Filter>
    </ClCompile>
  </ItemGroup>
  <ItemGroup>
    <ClInclude Include="D:\ProjectsBackUp\vrwork360\samples\nvsf_sample\fp32pcm.hpp">
      <Filter>Headers</Filter>
    </ClInclude>
  </ItemGroup>
  <ItemGroup>
    <CustomBuild Include="D:\ProjectsBackUp\vrwork360\samples\nvsf_sample\CMakeLists.txt" />
  </ItemGroup>
  <ItemGroup>
    <Filter Include="Source Files">
      <UniqueIdentifier>{51394793-27DA-3597-8C19-1A28FD2559DD}</UniqueIdentifier>
    </Filter>
    <Filter Include="Headers">
      <UniqueIdentifier>{5E55BEED-E7D7-3FD1-9236-9BDB03A6C8D8}</UniqueIdentifier>
    </Filter>
  </ItemGroup>
</Project>
